
Microsoft Visual Studio Solution File, Format Version 12.00
# Visual Studio 2012
Project("{FAE04EC0-301F-11D3-BF4B-00C04F79EFBC}") = "Welcome Message", "Welcome Message\Welcome Message.csproj", "{B47D85A3-2F12-41B4-AD5A-B2BE7F0C83AF}"
EndProject
Global
	GlobalSection(SolutionConfigurationPlatforms) = preSolution
		Debug|Any CPU = Debug|Any CPU
		Release|Any CPU = Release|Any CPU
	EndGlobalSection
	GlobalSection(ProjectConfigurationPlatforms) = postSolution
		{B47D85A3-2F12-41B4-AD5A-B2BE7F0C83AF}.Debug|Any CPU.ActiveCfg = Debug|Any CPU
		{B47D85A3-2F12-41B4-AD5A-B2BE7F0C83AF}.Debug|Any CPU.Build.0 = Debug|Any CPU
		{B47D85A3-2F12-41B4-AD5A-B2BE7F0C83AF}.Release|Any CPU.ActiveCfg = Release|Any CPU
		{B47D85A3-2F12-41B4-AD5A-B2BE7F0C83AF}.Release|Any CPU.Build.0 = Release|Any CPU
	EndGlobalSection
	GlobalSection(SolutionProperties) = preSolution
		HideSolutionNode = FALSE
	EndGlobalSection
EndGlobal
